
Microsoft Visual Studio Solution File, Format Version 12.00
# Visual Studio Version 16
VisualStudioVersion = 16.0.29926.136
MinimumVisualStudioVersion = 10.0.40219.1
Project("{8BC9CEB8-8B4A-11D0-8D11-00A0C91BC942}") = "5.15", "5.15\5.15.vcxproj", "{6D39AD8D-0CB2-4393-86C3-8790ED670983}"
EndProject
Global
	GlobalSection(SolutionConfigurationPlatforms) = preSolution
		Debug|x64 = Debug|x64
		Debug|x86 = Debug|x86
		Release|x64 = Release|x64
		Release|x86 = Release|x86
	EndGlobalSection
	GlobalSection(ProjectConfigurationPlatforms) = postSolution
		{6D39AD8D-0CB2-4393-86C3-8790ED670983}.Debug|x64.ActiveCfg = Debug|x64
		{6D39AD8D-0CB2-4393-86C3-8790ED670983}.Debug|x64.Build.0 = Debug|x64
		{6D39AD8D-0CB2-4393-86C3-8790ED670983}.Debug|x86.ActiveCfg = Debug|Win32
		{6D39AD8D-0CB2-4393-86C3-8790ED670983}.Debug|x86.Build.0 = Debug|Win32
		{6D39AD8D-0CB2-4393-86C3-8790ED670983}.Release|x64.ActiveCfg = Release|x64
		{6D39AD8D-0CB2-4393-86C3-8790ED670983}.Release|x64.Build.0 = Release|x64
		{6D39AD8D-0CB2-4393-86C3-8790ED670983}.Release|x86.ActiveCfg = Release|Win32
		{6D39AD8D-0CB2-4393-86C3-8790ED670983}.Release|x86.Build.0 = Release|Win32
	EndGlobalSection
	GlobalSection(SolutionProperties) = preSolution
		HideSolutionNode = FALSE
	EndGlobalSection
	GlobalSection(ExtensibilityGlobals) = postSolution
		SolutionGuid = {474A9483-25B1-4B85-AD6F-F6CF73A35508}
	EndGlobalSection
EndGlobal
